
Microsoft Visual Studio Solution File, Format Version 12.00
Project("{FAE04EC0-301F-11D3-BF4B-00C04F79EFBC}") = "Flow.Plugins.Transactions.FlexibleTransactionsReader", "Flow.Plugins.Transactions.FlexibleTransactionsReader\Flow.Plugins.Transactions.FlexibleTransactionsReader.csproj", "{EB534E68-803F-4423-8423-73B5940BD292}"
EndProject
Project("{FAE04EC0-301F-11D3-BF4B-00C04F79EFBC}") = "Flow.Plugins.Transactions.FlexibleTransactionsReader.Tests", "Flow.Plugins.Transactions.FlexibleTransactionsReader.Tests\Flow.Plugins.Transactions.FlexibleTransactionsReader.Tests.csproj", "{9BE9B21D-0F4A-4B77-BC3D-4DCCE94C8ABB}"
EndProject
Global
	GlobalSection(SolutionConfigurationPlatforms) = preSolution
		Debug|Any CPU = Debug|Any CPU
		Release|Any CPU = Release|Any CPU
	EndGlobalSection
	GlobalSection(ProjectConfigurationPlatforms) = postSolution
		{EB534E68-803F-4423-8423-73B5940BD292}.Debug|Any CPU.ActiveCfg = Debug|Any CPU
		{EB534E68-803F-4423-8423-73B5940BD292}.Debug|Any CPU.Build.0 = Debug|Any CPU
		{EB534E68-803F-4423-8423-73B5940BD292}.Release|Any CPU.ActiveCfg = Release|Any CPU
		{EB534E68-803F-4423-8423-73B5940BD292}.Release|Any CPU.Build.0 = Release|Any CPU
		{9BE9B21D-0F4A-4B77-BC3D-4DCCE94C8ABB}.Debug|Any CPU.ActiveCfg = Debug|Any CPU
		{9BE9B21D-0F4A-4B77-BC3D-4DCCE94C8ABB}.Debug|Any CPU.Build.0 = Debug|Any CPU
		{9BE9B21D-0F4A-4B77-BC3D-4DCCE94C8ABB}.Release|Any CPU.ActiveCfg = Release|Any CPU
		{9BE9B21D-0F4A-4B77-BC3D-4DCCE94C8ABB}.Release|Any CPU.Build.0 = Release|Any CPU
	EndGlobalSection
EndGlobal
