
Microsoft Visual Studio Solution File, Format Version 12.00
# Visual Studio Version 17
VisualStudioVersion = 17.0.31825.309
MinimumVisualStudioVersion = 10.0.40219.1
Project("{2150E333-8FDC-42A3-9474-1A3956D46DE8}") = "l0", "l0", "{6DE04AF2-D489-4CCA-9EB2-DB6D44044259}"
EndProject
Project("{9A19103F-16F7-4668-BE54-9A1E7A4F7556}") = "Flow.Domain.Transactions", "l0\Flow.Domain.Transactions\Flow.Domain.Transactions.csproj", "{DF66A06E-1388-4CD9-AE6A-F3CCE2D46450}"
EndProject
Project("{9A19103F-16F7-4668-BE54-9A1E7A4F7556}") = "Flow.Domain.Transactions.UnitTests", "l0\Flow.Domain.Transactions.UnitTests\Flow.Domain.Transactions.UnitTests.csproj", "{691B0D85-A0A0-4E62-A810-38D2B9CACBAF}"
EndProject
Project("{9A19103F-16F7-4668-BE54-9A1E7A4F7556}") = "Flow.Domain.Patterns", "l0\Flow.Domain.Patterns\Flow.Domain.Patterns.csproj", "{D84E4D21-35FA-4340-AC2D-48E9D5F4AD83}"
EndProject
Project("{9A19103F-16F7-4668-BE54-9A1E7A4F7556}") = "Flow.Domain.Patterns.UnitTests", "l0\Flow.Domain.Patterns.UnitTests\Flow.Domain.Patterns.UnitTests.csproj", "{DE25839E-8C5C-4ADE-9E2B-2E8DC51CD3D4}"
EndProject
Project("{2150E333-8FDC-42A3-9474-1A3956D46DE8}") = "l1", "l1", "{BF31D4DF-B59D-44E8-9EA4-D1EAC24CC3ED}"
EndProject
Project("{9A19103F-16F7-4668-BE54-9A1E7A4F7556}") = "Flow.Application.Transactions", "l1\Flow.Application.Transactions\Flow.Application.Transactions.csproj", "{E0A46C01-FCF4-4454-AF94-2A5A5DB12F39}"
EndProject
Project("{2150E333-8FDC-42A3-9474-1A3956D46DE8}") = "l2", "l2", "{C2DD4A7B-704F-4C12-B89E-E6A7657A418D}"
EndProject
Project("{9A19103F-16F7-4668-BE54-9A1E7A4F7556}") = "Flow.Infrastructure.Storage", "l2\Flow.Infrastructure.Storage\Flow.Infrastructure.Storage.csproj", "{8CA85E21-2B98-49E4-A234-E71618B3E0E8}"
EndProject
Project("{9A19103F-16F7-4668-BE54-9A1E7A4F7556}") = "Flow.Infrastructure.Configuration", "l2\Flow.Infrastructure.Configuration\Flow.Infrastructure.Configuration.csproj", "{25C4F714-68D3-42E6-A6CB-5E063DBCDE63}"
EndProject
Project("{9A19103F-16F7-4668-BE54-9A1E7A4F7556}") = "Flow.Infrastructure.IO", "l2\Flow.Infrastructure.IO\Flow.Infrastructure.IO.csproj", "{C99CF6F9-CFE3-4F67-B450-89B45AD7893F}"
EndProject
Project("{9A19103F-16F7-4668-BE54-9A1E7A4F7556}") = "Flow.Infrastructure.IO.UnitTests", "l2\Flow.Infrastructure.IO.UnitTests\Flow.Infrastructure.IO.UnitTests.csproj", "{AAB611F2-902B-4196-97B8-E48EEE41E010}"
EndProject
Project("{2150E333-8FDC-42A3-9474-1A3956D46DE8}") = "l3", "l3", "{249EE53E-3FC4-4710-90E8-135335BB3FD8}"
EndProject
Project("{2150E333-8FDC-42A3-9474-1A3956D46DE8}") = "CommandLine", "CommandLine", "{128C34A4-0A1B-44B2-AD90-F3B76381F851}"
EndProject
Project("{9A19103F-16F7-4668-BE54-9A1E7A4F7556}") = "Flow.Hosts.Accountant.Cli", "l3\CommandLine\Flow.Hosts.Accountant.Cli\Flow.Hosts.Accountant.Cli.csproj", "{FF7F0C82-916F-4ECA-9510-B74864B626F4}"
EndProject
Project("{2150E333-8FDC-42A3-9474-1A3956D46DE8}") = "Solution Items", "Solution Items", "{65511899-B4E1-4208-A29A-114C3E778822}"
	ProjectSection(SolutionItems) = preProject
		docker-compose.devenv.yaml = docker-compose.devenv.yaml
	EndProjectSection
EndProject
Project("{9A19103F-16F7-4668-BE54-9A1E7A4F7556}") = "Flow.Infrastructure.Storage.Migrations", "l2\Flow.Infrastructure.Storage.Migrations\Flow.Infrastructure.Storage.Migrations.csproj", "{D4126756-6928-4D1F-B203-DC1A4E38AD2A}"
EndProject
Project("{9A19103F-16F7-4668-BE54-9A1E7A4F7556}") = "Flow.Application.Transactions.UnitTests", "l1\Flow.Application.Transactions.UnitTests\Flow.Application.Transactions.UnitTests.csproj", "{6A0964C3-1399-4AA7-B874-DAD5929E9846}"
EndProject
Project("{9A19103F-16F7-4668-BE54-9A1E7A4F7556}") = "Flow.Domain.ExchangeRates", "l0\Flow.Domain.ExchangeRates\Flow.Domain.ExchangeRates.csproj", "{617C68D3-17A4-4632-9B89-404BAD963843}"
EndProject
Project("{9A19103F-16F7-4668-BE54-9A1E7A4F7556}") = "Flow.Domain.ExchangeRates.UnitTests", "l0\Flow.Domain.ExchangeRates.UnitTests\Flow.Domain.ExchangeRates.UnitTests.csproj", "{D6D0911A-9E94-4449-9FA0-4C1690BC9075}"
EndProject
Project("{9A19103F-16F7-4668-BE54-9A1E7A4F7556}") = "Flow.Application.ExchangeRates", "l1\Flow.Application.ExchangeRates\Flow.Application.ExchangeRates.csproj", "{C2E02FB9-D89F-42B3-AB31-58E04655B819}"
EndProject
Project("{9A19103F-16F7-4668-BE54-9A1E7A4F7556}") = "Flow.Application.ExchangeRates.UnitTests", "l1\Flow.Application.ExchangeRates.UnitTests\Flow.Application.ExchangeRates.UnitTests.csproj", "{0F7D7B53-9DA2-467C-9FA4-1792AB136951}"
EndProject
Project("{9A19103F-16F7-4668-BE54-9A1E7A4F7556}") = "Flow.Infrastructure.Rates.CBRF", "l2\Flow.Infrastructure.Rates.CBRF\Flow.Infrastructure.Rates.CBRF.csproj", "{793B41AE-C100-4A0F-8EF7-E00C05EDCFC1}"
EndProject
Global
	GlobalSection(SolutionConfigurationPlatforms) = preSolution
		Debug|Any CPU = Debug|Any CPU
		Release|Any CPU = Release|Any CPU
	EndGlobalSection
	GlobalSection(ProjectConfigurationPlatforms) = postSolution
		{DF66A06E-1388-4CD9-AE6A-F3CCE2D46450}.Debug|Any CPU.ActiveCfg = Debug|Any CPU
		{DF66A06E-1388-4CD9-AE6A-F3CCE2D46450}.Debug|Any CPU.Build.0 = Debug|Any CPU
		{DF66A06E-1388-4CD9-AE6A-F3CCE2D46450}.Release|Any CPU.ActiveCfg = Release|Any CPU
		{DF66A06E-1388-4CD9-AE6A-F3CCE2D46450}.Release|Any CPU.Build.0 = Release|Any CPU
		{691B0D85-A0A0-4E62-A810-38D2B9CACBAF}.Debug|Any CPU.ActiveCfg = Debug|Any CPU
		{691B0D85-A0A0-4E62-A810-38D2B9CACBAF}.Debug|Any CPU.Build.0 = Debug|Any CPU
		{691B0D85-A0A0-4E62-A810-38D2B9CACBAF}.Release|Any CPU.ActiveCfg = Release|Any CPU
		{691B0D85-A0A0-4E62-A810-38D2B9CACBAF}.Release|Any CPU.Build.0 = Release|Any CPU
		{D84E4D21-35FA-4340-AC2D-48E9D5F4AD83}.Debug|Any CPU.ActiveCfg = Debug|Any CPU
		{D84E4D21-35FA-4340-AC2D-48E9D5F4AD83}.Debug|Any CPU.Build.0 = Debug|Any CPU
		{D84E4D21-35FA-4340-AC2D-48E9D5F4AD83}.Release|Any CPU.ActiveCfg = Release|Any CPU
		{D84E4D21-35FA-4340-AC2D-48E9D5F4AD83}.Release|Any CPU.Build.0 = Release|Any CPU
		{DE25839E-8C5C-4ADE-9E2B-2E8DC51CD3D4}.Debug|Any CPU.ActiveCfg = Debug|Any CPU
		{DE25839E-8C5C-4ADE-9E2B-2E8DC51CD3D4}.Debug|Any CPU.Build.0 = Debug|Any CPU
		{DE25839E-8C5C-4ADE-9E2B-2E8DC51CD3D4}.Release|Any CPU.ActiveCfg = Release|Any CPU
		{DE25839E-8C5C-4ADE-9E2B-2E8DC51CD3D4}.Release|Any CPU.Build.0 = Release|Any CPU
		{E0A46C01-FCF4-4454-AF94-2A5A5DB12F39}.Debug|Any CPU.ActiveCfg = Debug|Any CPU
		{E0A46C01-FCF4-4454-AF94-2A5A5DB12F39}.Debug|Any CPU.Build.0 = Debug|Any CPU
		{E0A46C01-FCF4-4454-AF94-2A5A5DB12F39}.Release|Any CPU.ActiveCfg = Release|Any CPU
		{E0A46C01-FCF4-4454-AF94-2A5A5DB12F39}.Release|Any CPU.Build.0 = Release|Any CPU
		{8CA85E21-2B98-49E4-A234-E71618B3E0E8}.Debug|Any CPU.ActiveCfg = Debug|Any CPU
		{8CA85E21-2B98-49E4-A234-E71618B3E0E8}.Debug|Any CPU.Build.0 = Debug|Any CPU
		{8CA85E21-2B98-49E4-A234-E71618B3E0E8}.Release|Any CPU.ActiveCfg = Release|Any CPU
		{8CA85E21-2B98-49E4-A234-E71618B3E0E8}.Release|Any CPU.Build.0 = Release|Any CPU
		{25C4F714-68D3-42E6-A6CB-5E063DBCDE63}.Debug|Any CPU.ActiveCfg = Debug|Any CPU
		{25C4F714-68D3-42E6-A6CB-5E063DBCDE63}.Debug|Any CPU.Build.0 = Debug|Any CPU
		{25C4F714-68D3-42E6-A6CB-5E063DBCDE63}.Release|Any CPU.ActiveCfg = Release|Any CPU
		{25C4F714-68D3-42E6-A6CB-5E063DBCDE63}.Release|Any CPU.Build.0 = Release|Any CPU
		{C99CF6F9-CFE3-4F67-B450-89B45AD7893F}.Debug|Any CPU.ActiveCfg = Debug|Any CPU
		{C99CF6F9-CFE3-4F67-B450-89B45AD7893F}.Debug|Any CPU.Build.0 = Debug|Any CPU
		{C99CF6F9-CFE3-4F67-B450-89B45AD7893F}.Release|Any CPU.ActiveCfg = Release|Any CPU
		{C99CF6F9-CFE3-4F67-B450-89B45AD7893F}.Release|Any CPU.Build.0 = Release|Any CPU
		{AAB611F2-902B-4196-97B8-E48EEE41E010}.Debug|Any CPU.ActiveCfg = Debug|Any CPU
		{AAB611F2-902B-4196-97B8-E48EEE41E010}.Debug|Any CPU.Build.0 = Debug|Any CPU
		{AAB611F2-902B-4196-97B8-E48EEE41E010}.Release|Any CPU.ActiveCfg = Release|Any CPU
		{AAB611F2-902B-4196-97B8-E48EEE41E010}.Release|Any CPU.Build.0 = Release|Any CPU
		{FF7F0C82-916F-4ECA-9510-B74864B626F4}.Debug|Any CPU.ActiveCfg = Debug|Any CPU
		{FF7F0C82-916F-4ECA-9510-B74864B626F4}.Debug|Any CPU.Build.0 = Debug|Any CPU
		{FF7F0C82-916F-4ECA-9510-B74864B626F4}.Release|Any CPU.ActiveCfg = Release|Any CPU
		{FF7F0C82-916F-4ECA-9510-B74864B626F4}.Release|Any CPU.Build.0 = Release|Any CPU
		{D4126756-6928-4D1F-B203-DC1A4E38AD2A}.Debug|Any CPU.ActiveCfg = Debug|Any CPU
		{D4126756-6928-4D1F-B203-DC1A4E38AD2A}.Debug|Any CPU.Build.0 = Debug|Any CPU
		{D4126756-6928-4D1F-B203-DC1A4E38AD2A}.Release|Any CPU.ActiveCfg = Release|Any CPU
		{D4126756-6928-4D1F-B203-DC1A4E38AD2A}.Release|Any CPU.Build.0 = Release|Any CPU
		{6A0964C3-1399-4AA7-B874-DAD5929E9846}.Debug|Any CPU.ActiveCfg = Debug|Any CPU
		{6A0964C3-1399-4AA7-B874-DAD5929E9846}.Debug|Any CPU.Build.0 = Debug|Any CPU
		{6A0964C3-1399-4AA7-B874-DAD5929E9846}.Release|Any CPU.ActiveCfg = Release|Any CPU
		{6A0964C3-1399-4AA7-B874-DAD5929E9846}.Release|Any CPU.Build.0 = Release|Any CPU
		{617C68D3-17A4-4632-9B89-404BAD963843}.Debug|Any CPU.ActiveCfg = Debug|Any CPU
		{617C68D3-17A4-4632-9B89-404BAD963843}.Debug|Any CPU.Build.0 = Debug|Any CPU
		{617C68D3-17A4-4632-9B89-404BAD963843}.Release|Any CPU.ActiveCfg = Release|Any CPU
		{617C68D3-17A4-4632-9B89-404BAD963843}.Release|Any CPU.Build.0 = Release|Any CPU
		{D6D0911A-9E94-4449-9FA0-4C1690BC9075}.Debug|Any CPU.ActiveCfg = Debug|Any CPU
		{D6D0911A-9E94-4449-9FA0-4C1690BC9075}.Debug|Any CPU.Build.0 = Debug|Any CPU
		{D6D0911A-9E94-4449-9FA0-4C1690BC9075}.Release|Any CPU.ActiveCfg = Release|Any CPU
		{D6D0911A-9E94-4449-9FA0-4C1690BC9075}.Release|Any CPU.Build.0 = Release|Any CPU
		{C2E02FB9-D89F-42B3-AB31-58E04655B819}.Debug|Any CPU.ActiveCfg = Debug|Any CPU
		{C2E02FB9-D89F-42B3-AB31-58E04655B819}.Debug|Any CPU.Build.0 = Debug|Any CPU
		{C2E02FB9-D89F-42B3-AB31-58E04655B819}.Release|Any CPU.ActiveCfg = Release|Any CPU
		{C2E02FB9-D89F-42B3-AB31-58E04655B819}.Release|Any CPU.Build.0 = Release|Any CPU
		{0F7D7B53-9DA2-467C-9FA4-1792AB136951}.Debug|Any CPU.ActiveCfg = Debug|Any CPU
		{0F7D7B53-9DA2-467C-9FA4-1792AB136951}.Debug|Any CPU.Build.0 = Debug|Any CPU
		{0F7D7B53-9DA2-467C-9FA4-1792AB136951}.Release|Any CPU.ActiveCfg = Release|Any CPU
		{0F7D7B53-9DA2-467C-9FA4-1792AB136951}.Release|Any CPU.Build.0 = Release|Any CPU
		{793B41AE-C100-4A0F-8EF7-E00C05EDCFC1}.Debug|Any CPU.ActiveCfg = Debug|Any CPU
		{793B41AE-C100-4A0F-8EF7-E00C05EDCFC1}.Debug|Any CPU.Build.0 = Debug|Any CPU
		{793B41AE-C100-4A0F-8EF7-E00C05EDCFC1}.Release|Any CPU.ActiveCfg = Release|Any CPU
		{793B41AE-C100-4A0F-8EF7-E00C05EDCFC1}.Release|Any CPU.Build.0 = Release|Any CPU
	EndGlobalSection
	GlobalSection(SolutionProperties) = preSolution
		HideSolutionNode = FALSE
	EndGlobalSection
	GlobalSection(NestedProjects) = preSolution
		{DF66A06E-1388-4CD9-AE6A-F3CCE2D46450} = {6DE04AF2-D489-4CCA-9EB2-DB6D44044259}
		{691B0D85-A0A0-4E62-A810-38D2B9CACBAF} = {6DE04AF2-D489-4CCA-9EB2-DB6D44044259}
		{D84E4D21-35FA-4340-AC2D-48E9D5F4AD83} = {6DE04AF2-D489-4CCA-9EB2-DB6D44044259}
		{DE25839E-8C5C-4ADE-9E2B-2E8DC51CD3D4} = {6DE04AF2-D489-4CCA-9EB2-DB6D44044259}
		{E0A46C01-FCF4-4454-AF94-2A5A5DB12F39} = {BF31D4DF-B59D-44E8-9EA4-D1EAC24CC3ED}
		{8CA85E21-2B98-49E4-A234-E71618B3E0E8} = {C2DD4A7B-704F-4C12-B89E-E6A7657A418D}
		{25C4F714-68D3-42E6-A6CB-5E063DBCDE63} = {C2DD4A7B-704F-4C12-B89E-E6A7657A418D}
		{C99CF6F9-CFE3-4F67-B450-89B45AD7893F} = {C2DD4A7B-704F-4C12-B89E-E6A7657A418D}
		{AAB611F2-902B-4196-97B8-E48EEE41E010} = {C2DD4A7B-704F-4C12-B89E-E6A7657A418D}
		{128C34A4-0A1B-44B2-AD90-F3B76381F851} = {249EE53E-3FC4-4710-90E8-135335BB3FD8}
		{FF7F0C82-916F-4ECA-9510-B74864B626F4} = {128C34A4-0A1B-44B2-AD90-F3B76381F851}
		{D4126756-6928-4D1F-B203-DC1A4E38AD2A} = {C2DD4A7B-704F-4C12-B89E-E6A7657A418D}
		{6A0964C3-1399-4AA7-B874-DAD5929E9846} = {BF31D4DF-B59D-44E8-9EA4-D1EAC24CC3ED}
		{617C68D3-17A4-4632-9B89-404BAD963843} = {6DE04AF2-D489-4CCA-9EB2-DB6D44044259}
		{D6D0911A-9E94-4449-9FA0-4C1690BC9075} = {6DE04AF2-D489-4CCA-9EB2-DB6D44044259}
		{C2E02FB9-D89F-42B3-AB31-58E04655B819} = {BF31D4DF-B59D-44E8-9EA4-D1EAC24CC3ED}
		{0F7D7B53-9DA2-467C-9FA4-1792AB136951} = {BF31D4DF-B59D-44E8-9EA4-D1EAC24CC3ED}
		{793B41AE-C100-4A0F-8EF7-E00C05EDCFC1} = {C2DD4A7B-704F-4C12-B89E-E6A7657A418D}
	EndGlobalSection
	GlobalSection(ExtensibilityGlobals) = postSolution
		SolutionGuid = {BD863072-1B8D-417A-BFF4-C60D20CE1D31}
	EndGlobalSection
EndGlobal
